
Microsoft Visual Studio Solution File, Format Version 12.00
# Visual Studio Version 16
VisualStudioVersion = 16.0.29509.3
MinimumVisualStudioVersion = 10.0.40219.1
Project("{FAE04EC0-301F-11D3-BF4B-00C04F79EFBC}") = "CoursesSignUp.Host", "CoursesSignUp.Host\CoursesSignUp.Host.csproj", "{21306EFD-106D-49A4-A46E-38F4B4529DEF}"
EndProject
Project("{FAE04EC0-301F-11D3-BF4B-00C04F79EFBC}") = "CoursesSignUp.Application", "CoursesSignUp.Application\CoursesSignUp.Application.csproj", "{A47C9733-A37E-4279-ABD0-5EFB6224384C}"
EndProject
Project("{2150E333-8FDC-42A3-9474-1A3956D46DE8}") = "CoursesService", "CoursesService", "{F71F5EB2-F9E0-47D2-AF28-FCDDFA12624E}"
EndProject
Project("{2150E333-8FDC-42A3-9474-1A3956D46DE8}") = "StatisticsService", "StatisticsService", "{B00CA323-81F1-444C-BF30-8D9CD65E8696}"
EndProject
Project("{FAE04EC0-301F-11D3-BF4B-00C04F79EFBC}") = "CourseStatistics.Host", "CourseStatistics.Host\CourseStatistics.Host.csproj", "{36550E33-8E6B-4E65-A6C8-A5E739478A76}"
EndProject
Project("{FAE04EC0-301F-11D3-BF4B-00C04F79EFBC}") = "CourseStatistics.Contract", "CourseStatistics.Contract\CourseStatistics.Contract.csproj", "{0BB43173-B141-4F74-A6E6-2A9560B48F56}"
EndProject
Project("{2150E333-8FDC-42A3-9474-1A3956D46DE8}") = "3 - Library", "3 - Library", "{89FD6294-DCAB-4E82-94A4-FE1ED7DD2724}"
EndProject
Project("{2150E333-8FDC-42A3-9474-1A3956D46DE8}") = "2 - CrossCutting", "2 - CrossCutting", "{BAE2DE71-A987-4D50-BFBD-A03154CACD25}"
EndProject
Project("{FAE04EC0-301F-11D3-BF4B-00C04F79EFBC}") = "Chama.CrossCutting.Logger", "Chama.CrossCutting.Logger\Chama.CrossCutting.Logger.csproj", "{7A120230-3EEF-43E2-9C1C-B115A79F9833}"
EndProject
Project("{FAE04EC0-301F-11D3-BF4B-00C04F79EFBC}") = "CourseSignUp.Contracts", "CourseSignUp.Contracts\CourseSignUp.Contracts.csproj", "{EBDD283F-15E1-4AE4-9CE4-40C0E5AB3318}"
EndProject
Project("{FAE04EC0-301F-11D3-BF4B-00C04F79EFBC}") = "CoursesSignUp.Core", "CoursesSignUp.Core\CoursesSignUp.Core.csproj", "{F933E3B4-326A-4DD7-B1DF-48533BCB11DD}"
EndProject
Project("{FAE04EC0-301F-11D3-BF4B-00C04F79EFBC}") = "Chama.Infrastructure.Handlers", "Chama.Infrastructure.Handlers\Chama.Infrastructure.Handlers.csproj", "{D4FB5307-0E18-4518-8242-F6EAEC131600}"
EndProject
Project("{FAE04EC0-301F-11D3-BF4B-00C04F79EFBC}") = "Chama.Infrastructure.Messaging", "Chama.Infrastructure.Messaging\Chama.Infrastructure.Messaging.csproj", "{CE0FBCDD-D81B-470A-829E-2E2BB7CE3813}"
EndProject
Project("{2150E333-8FDC-42A3-9474-1A3956D46DE8}") = "1 - Services", "1 - Services", "{6D9C7AA5-F4C6-403D-ACB2-F71EC8CD301D}"
EndProject
Project("{FAE04EC0-301F-11D3-BF4B-00C04F79EFBC}") = "Chama.Domain", "Chama.Domain\Chama.Domain.csproj", "{A22E1A29-A632-411E-975C-BF5E27969B4F}"
EndProject
Project("{FAE04EC0-301F-11D3-BF4B-00C04F79EFBC}") = "CourseSignUp.EntityFramework.Providers", "CourseSignUp.EntityFramework.Providers\CourseSignUp.EntityFramework.Providers.csproj", "{3B104E9E-2D13-4FD9-815C-CBA608DF69FF}"
EndProject
Project("{FAE04EC0-301F-11D3-BF4B-00C04F79EFBC}") = "CourseSignUp.Tests", "CourseSignUp.Tests\CourseSignUp.Tests.csproj", "{B25B0BFC-F619-4963-8F0E-B1539D904861}"
EndProject
Global
	GlobalSection(SolutionConfigurationPlatforms) = preSolution
		Debug|Any CPU = Debug|Any CPU
		Release|Any CPU = Release|Any CPU
	EndGlobalSection
	GlobalSection(ProjectConfigurationPlatforms) = postSolution
		{21306EFD-106D-49A4-A46E-38F4B4529DEF}.Debug|Any CPU.ActiveCfg = Debug|Any CPU
		{21306EFD-106D-49A4-A46E-38F4B4529DEF}.Debug|Any CPU.Build.0 = Debug|Any CPU
		{21306EFD-106D-49A4-A46E-38F4B4529DEF}.Release|Any CPU.ActiveCfg = Release|Any CPU
		{21306EFD-106D-49A4-A46E-38F4B4529DEF}.Release|Any CPU.Build.0 = Release|Any CPU
		{A47C9733-A37E-4279-ABD0-5EFB6224384C}.Debug|Any CPU.ActiveCfg = Debug|Any CPU
		{A47C9733-A37E-4279-ABD0-5EFB6224384C}.Debug|Any CPU.Build.0 = Debug|Any CPU
		{A47C9733-A37E-4279-ABD0-5EFB6224384C}.Release|Any CPU.ActiveCfg = Release|Any CPU
		{A47C9733-A37E-4279-ABD0-5EFB6224384C}.Release|Any CPU.Build.0 = Release|Any CPU
		{36550E33-8E6B-4E65-A6C8-A5E739478A76}.Debug|Any CPU.ActiveCfg = Debug|Any CPU
		{36550E33-8E6B-4E65-A6C8-A5E739478A76}.Debug|Any CPU.Build.0 = Debug|Any CPU
		{36550E33-8E6B-4E65-A6C8-A5E739478A76}.Release|Any CPU.ActiveCfg = Release|Any CPU
		{36550E33-8E6B-4E65-A6C8-A5E739478A76}.Release|Any CPU.Build.0 = Release|Any CPU
		{0BB43173-B141-4F74-A6E6-2A9560B48F56}.Debug|Any CPU.ActiveCfg = Debug|Any CPU
		{0BB43173-B141-4F74-A6E6-2A9560B48F56}.Debug|Any CPU.Build.0 = Debug|Any CPU
		{0BB43173-B141-4F74-A6E6-2A9560B48F56}.Release|Any CPU.ActiveCfg = Release|Any CPU
		{0BB43173-B141-4F74-A6E6-2A9560B48F56}.Release|Any CPU.Build.0 = Release|Any CPU
		{7A120230-3EEF-43E2-9C1C-B115A79F9833}.Debug|Any CPU.ActiveCfg = Debug|Any CPU
		{7A120230-3EEF-43E2-9C1C-B115A79F9833}.Debug|Any CPU.Build.0 = Debug|Any CPU
		{7A120230-3EEF-43E2-9C1C-B115A79F9833}.Release|Any CPU.ActiveCfg = Release|Any CPU
		{7A120230-3EEF-43E2-9C1C-B115A79F9833}.Release|Any CPU.Build.0 = Release|Any CPU
		{EBDD283F-15E1-4AE4-9CE4-40C0E5AB3318}.Debug|Any CPU.ActiveCfg = Debug|Any CPU
		{EBDD283F-15E1-4AE4-9CE4-40C0E5AB3318}.Debug|Any CPU.Build.0 = Debug|Any CPU
		{EBDD283F-15E1-4AE4-9CE4-40C0E5AB3318}.Release|Any CPU.ActiveCfg = Release|Any CPU
		{EBDD283F-15E1-4AE4-9CE4-40C0E5AB3318}.Release|Any CPU.Build.0 = Release|Any CPU
		{F933E3B4-326A-4DD7-B1DF-48533BCB11DD}.Debug|Any CPU.ActiveCfg = Debug|Any CPU
		{F933E3B4-326A-4DD7-B1DF-48533BCB11DD}.Debug|Any CPU.Build.0 = Debug|Any CPU
		{F933E3B4-326A-4DD7-B1DF-48533BCB11DD}.Release|Any CPU.ActiveCfg = Release|Any CPU
		{F933E3B4-326A-4DD7-B1DF-48533BCB11DD}.Release|Any CPU.Build.0 = Release|Any CPU
		{D4FB5307-0E18-4518-8242-F6EAEC131600}.Debug|Any CPU.ActiveCfg = Debug|Any CPU
		{D4FB5307-0E18-4518-8242-F6EAEC131600}.Debug|Any CPU.Build.0 = Debug|Any CPU
		{D4FB5307-0E18-4518-8242-F6EAEC131600}.Release|Any CPU.ActiveCfg = Release|Any CPU
		{D4FB5307-0E18-4518-8242-F6EAEC131600}.Release|Any CPU.Build.0 = Release|Any CPU
		{CE0FBCDD-D81B-470A-829E-2E2BB7CE3813}.Debug|Any CPU.ActiveCfg = Debug|Any CPU
		{CE0FBCDD-D81B-470A-829E-2E2BB7CE3813}.Debug|Any CPU.Build.0 = Debug|Any CPU
		{CE0FBCDD-D81B-470A-829E-2E2BB7CE3813}.Release|Any CPU.ActiveCfg = Release|Any CPU
		{CE0FBCDD-D81B-470A-829E-2E2BB7CE3813}.Release|Any CPU.Build.0 = Release|Any CPU
		{A22E1A29-A632-411E-975C-BF5E27969B4F}.Debug|Any CPU.ActiveCfg = Debug|Any CPU
		{A22E1A29-A632-411E-975C-BF5E27969B4F}.Debug|Any CPU.Build.0 = Debug|Any CPU
		{A22E1A29-A632-411E-975C-BF5E27969B4F}.Release|Any CPU.ActiveCfg = Release|Any CPU
		{A22E1A29-A632-411E-975C-BF5E27969B4F}.Release|Any CPU.Build.0 = Release|Any CPU
		{3B104E9E-2D13-4FD9-815C-CBA608DF69FF}.Debug|Any CPU.ActiveCfg = Debug|Any CPU
		{3B104E9E-2D13-4FD9-815C-CBA608DF69FF}.Debug|Any CPU.Build.0 = Debug|Any CPU
		{3B104E9E-2D13-4FD9-815C-CBA608DF69FF}.Release|Any CPU.ActiveCfg = Release|Any CPU
		{3B104E9E-2D13-4FD9-815C-CBA608DF69FF}.Release|Any CPU.Build.0 = Release|Any CPU
		{B25B0BFC-F619-4963-8F0E-B1539D904861}.Debug|Any CPU.ActiveCfg = Debug|Any CPU
		{B25B0BFC-F619-4963-8F0E-B1539D904861}.Debug|Any CPU.Build.0 = Debug|Any CPU
		{B25B0BFC-F619-4963-8F0E-B1539D904861}.Release|Any CPU.ActiveCfg = Release|Any CPU
		{B25B0BFC-F619-4963-8F0E-B1539D904861}.Release|Any CPU.Build.0 = Release|Any CPU
	EndGlobalSection
	GlobalSection(SolutionProperties) = preSolution
		HideSolutionNode = FALSE
	EndGlobalSection
	GlobalSection(ExtensibilityGlobals) = postSolution
		SolutionGuid = {CB27A711-EDCA-4E26-8046-D54C7F216FE0}
	EndGlobalSection
	GlobalSection(NestedProjects) = preSolution
		{21306EFD-106D-49A4-A46E-38F4B4529DEF} = {F71F5EB2-F9E0-47D2-AF28-FCDDFA12624E}
		{A47C9733-A37E-4279-ABD0-5EFB6224384C} = {F71F5EB2-F9E0-47D2-AF28-FCDDFA12624E}
		{36550E33-8E6B-4E65-A6C8-A5E739478A76} = {B00CA323-81F1-444C-BF30-8D9CD65E8696}
		{0BB43173-B141-4F74-A6E6-2A9560B48F56} = {B00CA323-81F1-444C-BF30-8D9CD65E8696}
		{7A120230-3EEF-43E2-9C1C-B115A79F9833} = {BAE2DE71-A987-4D50-BFBD-A03154CACD25}
		{EBDD283F-15E1-4AE4-9CE4-40C0E5AB3318} = {F71F5EB2-F9E0-47D2-AF28-FCDDFA12624E}
		{F933E3B4-326A-4DD7-B1DF-48533BCB11DD} = {F71F5EB2-F9E0-47D2-AF28-FCDDFA12624E}
		{D4FB5307-0E18-4518-8242-F6EAEC131600} = {89FD6294-DCAB-4E82-94A4-FE1ED7DD2724}
		{CE0FBCDD-D81B-470A-829E-2E2BB7CE3813} = {89FD6294-DCAB-4E82-94A4-FE1ED7DD2724}
		{B00CA323-81F1-444C-BF30-8D9CD65E8696} = {6D9C7AA5-F4C6-403D-ACB2-F71EC8CD301D}
		{F71F5EB2-F9E0-47D2-AF28-FCDDFA12624E} = {6D9C7AA5-F4C6-403D-ACB2-F71EC8CD301D}
		{A22E1A29-A632-411E-975C-BF5E27969B4F} = {89FD6294-DCAB-4E82-94A4-FE1ED7DD2724}
		{3B104E9E-2D13-4FD9-815C-CBA608DF69FF} = {F71F5EB2-F9E0-47D2-AF28-FCDDFA12624E}
		{B25B0BFC-F619-4963-8F0E-B1539D904861} = {F71F5EB2-F9E0-47D2-AF28-FCDDFA12624E}
	EndGlobalSection
EndGlobal
